
Microsoft Visual Studio Solution File, Format Version 12.00
# Visual Studio Version 16
VisualStudioVersion = 16.0.30717.126
MinimumVisualStudioVersion = 10.0.40219.1
Project("{FAE04EC0-301F-11D3-BF4B-00C04F79EFBC}") = "HoloLensModelCoAuthorSK", "HoloLensModelCoAuthorSK.csproj", "{456C309D-0D90-40A5-8443-8A4B2AC996DC}"
EndProject
Global
	GlobalSection(SolutionConfigurationPlatforms) = preSolution
		Debug|ARM64 = Debug|ARM64
		Debug|x64 = Debug|x64
		Release|ARM64 = Release|ARM64
		Release|x64 = Release|x64
	EndGlobalSection
	GlobalSection(ProjectConfigurationPlatforms) = postSolution
		{456C309D-0D90-40A5-8443-8A4B2AC996DC}.Debug|ARM64.ActiveCfg = Debug|ARM64
		{456C309D-0D90-40A5-8443-8A4B2AC996DC}.Debug|ARM64.Build.0 = Debug|ARM64
		{456C309D-0D90-40A5-8443-8A4B2AC996DC}.Debug|ARM64.Deploy.0 = Debug|ARM64
		{456C309D-0D90-40A5-8443-8A4B2AC996DC}.Debug|x64.ActiveCfg = Debug|x64
		{456C309D-0D90-40A5-8443-8A4B2AC996DC}.Debug|x64.Build.0 = Debug|x64
		{456C309D-0D90-40A5-8443-8A4B2AC996DC}.Debug|x64.Deploy.0 = Debug|x64
		{456C309D-0D90-40A5-8443-8A4B2AC996DC}.Release|ARM64.ActiveCfg = Release|ARM64
		{456C309D-0D90-40A5-8443-8A4B2AC996DC}.Release|ARM64.Build.0 = Release|ARM64
		{456C309D-0D90-40A5-8443-8A4B2AC996DC}.Release|ARM64.Deploy.0 = Release|ARM64
		{456C309D-0D90-40A5-8443-8A4B2AC996DC}.Release|x64.ActiveCfg = Release|x64
		{456C309D-0D90-40A5-8443-8A4B2AC996DC}.Release|x64.Build.0 = Release|x64
		{456C309D-0D90-40A5-8443-8A4B2AC996DC}.Release|x64.Deploy.0 = Release|x64
	EndGlobalSection
	GlobalSection(SolutionProperties) = preSolution
		HideSolutionNode = FALSE
	EndGlobalSection
	GlobalSection(ExtensibilityGlobals) = postSolution
		SolutionGuid = {3F4A8883-EFCF-4E7B-AE3A-12A2E28BB442}
	EndGlobalSection
EndGlobal
